
Microsoft Visual Studio Solution File, Format Version 12.00
# Visual Studio 15
VisualStudioVersion = 15.0.28307.1145
MinimumVisualStudioVersion = 10.0.40219.1
Project("{8BC9CEB8-8B4A-11D0-8D11-00A0C91BC942}") = "Gocool", "Gocool\Gocool.vcxproj", "{F2CCBE68-96DB-44DD-8392-2F63E8BB064E}"
EndProject
Project("{FAE04EC0-301F-11D3-BF4B-00C04F79EFBC}") = "Test", "Test\Test.csproj", "{61F14D2D-9E53-44E2-8EE7-7182FA0D85BA}"
EndProject
Global
	GlobalSection(SolutionConfigurationPlatforms) = preSolution
		Debug|Any CPU = Debug|Any CPU
		Debug|x64 = Debug|x64
		Debug|x86 = Debug|x86
		Release|Any CPU = Release|Any CPU
		Release|x64 = Release|x64
		Release|x86 = Release|x86
	EndGlobalSection
	GlobalSection(ProjectConfigurationPlatforms) = postSolution
		{F2CCBE68-96DB-44DD-8392-2F63E8BB064E}.Debug|Any CPU.ActiveCfg = Debug|Win32
		{F2CCBE68-96DB-44DD-8392-2F63E8BB064E}.Debug|x64.ActiveCfg = Debug|x64
		{F2CCBE68-96DB-44DD-8392-2F63E8BB064E}.Debug|x64.Build.0 = Debug|x64
		{F2CCBE68-96DB-44DD-8392-2F63E8BB064E}.Debug|x86.ActiveCfg = Debug|Win32
		{F2CCBE68-96DB-44DD-8392-2F63E8BB064E}.Debug|x86.Build.0 = Debug|Win32
		{F2CCBE68-96DB-44DD-8392-2F63E8BB064E}.Release|Any CPU.ActiveCfg = Release|Win32
		{F2CCBE68-96DB-44DD-8392-2F63E8BB064E}.Release|x64.ActiveCfg = Release|x64
		{F2CCBE68-96DB-44DD-8392-2F63E8BB064E}.Release|x64.Build.0 = Release|x64
		{F2CCBE68-96DB-44DD-8392-2F63E8BB064E}.Release|x86.ActiveCfg = Release|Win32
		{F2CCBE68-96DB-44DD-8392-2F63E8BB064E}.Release|x86.Build.0 = Release|Win32
		{61F14D2D-9E53-44E2-8EE7-7182FA0D85BA}.Debug|Any CPU.ActiveCfg = Debug|Any CPU
		{61F14D2D-9E53-44E2-8EE7-7182FA0D85BA}.Debug|Any CPU.Build.0 = Debug|Any CPU
		{61F14D2D-9E53-44E2-8EE7-7182FA0D85BA}.Debug|x64.ActiveCfg = Debug|Any CPU
		{61F14D2D-9E53-44E2-8EE7-7182FA0D85BA}.Debug|x64.Build.0 = Debug|Any CPU
		{61F14D2D-9E53-44E2-8EE7-7182FA0D85BA}.Debug|x86.ActiveCfg = Debug|Any CPU
		{61F14D2D-9E53-44E2-8EE7-7182FA0D85BA}.Debug|x86.Build.0 = Debug|Any CPU
		{61F14D2D-9E53-44E2-8EE7-7182FA0D85BA}.Release|Any CPU.ActiveCfg = Release|Any CPU
		{61F14D2D-9E53-44E2-8EE7-7182FA0D85BA}.Release|Any CPU.Build.0 = Release|Any CPU
		{61F14D2D-9E53-44E2-8EE7-7182FA0D85BA}.Release|x64.ActiveCfg = Release|Any CPU
		{61F14D2D-9E53-44E2-8EE7-7182FA0D85BA}.Release|x64.Build.0 = Release|Any CPU
		{61F14D2D-9E53-44E2-8EE7-7182FA0D85BA}.Release|x86.ActiveCfg = Release|Any CPU
		{61F14D2D-9E53-44E2-8EE7-7182FA0D85BA}.Release|x86.Build.0 = Release|Any CPU
	EndGlobalSection
	GlobalSection(SolutionProperties) = preSolution
		HideSolutionNode = FALSE
	EndGlobalSection
	GlobalSection(ExtensibilityGlobals) = postSolution
		SolutionGuid = {260ACF46-3A1D-4BA9-814A-F6B85FE89438}
	EndGlobalSection
EndGlobal
